/home/kgoldmann/Documents/PEAC_eqtl/Outputs/STAR/Paired/SAM9103802/Aligned.sortedByCoord.out.bam
/home/kgoldmann/Documents/PEAC_eqtl/Outputs/STAR/Paired/SAM9103803/Aligned.sortedByCoord.out.bam
/home/kgoldmann/Documents/PEAC_eqtl/Outputs/STAR/Paired/SAM9103804/Aligned.sortedByCoord.out.bam
/home/kgoldmann/Documents/PEAC_eqtl/Outputs/STAR/Paired/SAM9103805/Aligned.sortedByCoord.out.bam
/home/kgoldmann/Documents/PEAC_eqtl/Outputs/STAR/Paired/SAM9103806/Aligned.sortedByCoord.out.bam
/home/kgoldmann/Documents/PEAC_eqtl/Outputs/STAR/Paired/SAM9103807/Aligned.sortedByCoord.out.bam
/home/kgoldmann/Documents/PEAC_eqtl/Outputs/STAR/Paired/SAM9103808/Aligned.sortedByCoord.out.bam
/home/kgoldmann/Documents/PEAC_eqtl/Outputs/STAR/Paired/SAM9103809/Aligned.sortedByCoord.out.bam
/home/kgoldmann/Documents/PEAC_eqtl/Outputs/STAR/Paired/SAM9103810/Aligned.sortedByCoord.out.bam
/home/kgoldmann/Documents/PEAC_eqtl/Outputs/STAR/Paired/SAM9103811/Aligned.sortedByCoord.out.bam
/home/kgoldmann/Documents/PEAC_eqtl/Outputs/STAR/Paired/SAM9103812/Aligned.sortedByCoord.out.bam
/home/kgoldmann/Documents/PEAC_eqtl/Outputs/STAR/Paired/SAM9103813/Aligned.sortedByCoord.out.bam
/home/kgoldmann/Documents/PEAC_eqtl/Outputs/STAR/Paired/SAM9103814/Aligned.sortedByCoord.out.bam
/home/kgoldmann/Documents/PEAC_eqtl/Outputs/STAR/Paired/SAM9103815/Aligned.sortedByCoord.out.bam
/home/kgoldmann/Documents/PEAC_eqtl/Outputs/STAR/Paired/SAM9103816/Aligned.sortedByCoord.out.bam
/home/kgoldmann/Documents/PEAC_eqtl/Outputs/STAR/Paired/SAM9103817/Aligned.sortedByCoord.out.bam
/home/kgoldmann/Documents/PEAC_eqtl/Outputs/STAR/Paired/SAM9103818/Aligned.sortedByCoord.out.bam
/home/kgoldmann/Documents/PEAC_eqtl/Outputs/STAR/Paired/SAM9103819/Aligned.sortedByCoord.out.bam
/home/kgoldmann/Documents/PEAC_eqtl/Outputs/STAR/Paired/SAM9103820/Aligned.sortedByCoord.out.bam
/home/kgoldmann/Documents/PEAC_eqtl/Outputs/STAR/Paired/SAM9103821/Aligned.sortedByCoord.out.bam
/home/kgoldmann/Documents/PEAC_eqtl/Outputs/STAR/Paired/SAM9103822/Aligned.sortedByCoord.out.bam
/home/kgoldmann/Documents/PEAC_eqtl/Outputs/STAR/Paired/SAM9103823/Aligned.sortedByCoord.out.bam
/home/kgoldmann/Documents/PEAC_eqtl/Outputs/STAR/Paired/SAM9103824/Aligned.sortedByCoord.out.bam
/home/kgoldmann/Documents/PEAC_eqtl/Outputs/STAR/Paired/SAM9103825/Aligned.sortedByCoord.out.bam
/home/kgoldmann/Documents/PEAC_eqtl/Outputs/STAR/Paired/SAM9103826/Aligned.sortedByCoord.out.bam
/home/kgoldmann/Documents/PEAC_eqtl/Outputs/STAR/Paired/SAM9103827/Aligned.sortedByCoord.out.bam
/home/kgoldmann/Documents/PEAC_eqtl/Outputs/STAR/Paired/SAM9103828/Aligned.sortedByCoord.out.bam
/home/kgoldmann/Documents/PEAC_eqtl/Outputs/STAR/Paired/SAM9103829/Aligned.sortedByCoord.out.bam
/home/kgoldmann/Documents/PEAC_eqtl/Outputs/STAR/Paired/SAM9103830/Aligned.sortedByCoord.out.bam
/home/kgoldmann/Documents/PEAC_eqtl/Outputs/STAR/Paired/SAM9103832/Aligned.sortedByCoord.out.bam
/home/kgoldmann/Documents/PEAC_eqtl/Outputs/STAR/Paired/SAM9103833/Aligned.sortedByCoord.out.bam
/home/kgoldmann/Documents/PEAC_eqtl/Outputs/STAR/Paired/SAM9103834/Aligned.sortedByCoord.out.bam
/home/kgoldmann/Documents/PEAC_eqtl/Outputs/STAR/Paired/SAM9103835/Aligned.sortedByCoord.out.bam
/home/kgoldmann/Documents/PEAC_eqtl/Outputs/STAR/Paired/SAM9103836/Aligned.sortedByCoord.out.bam
/home/kgoldmann/Documents/PEAC_eqtl/Outputs/STAR/Paired/SAM9103837/Aligned.sortedByCoord.out.bam
/home/kgoldmann/Documents/PEAC_eqtl/Outputs/STAR/Paired/SAM9103838/Aligned.sortedByCoord.out.bam
/home/kgoldmann/Documents/PEAC_eqtl/Outputs/STAR/Paired/SAM9103839/Aligned.sortedByCoord.out.bam
/home/kgoldmann/Documents/PEAC_eqtl/Outputs/STAR/Paired/SAM9103840/Aligned.sortedByCoord.out.bam
/home/kgoldmann/Documents/PEAC_eqtl/Outputs/STAR/Paired/SAM9103843/Aligned.sortedByCoord.out.bam
/home/kgoldmann/Documents/PEAC_eqtl/Outputs/STAR/Paired/SAM9103844/Aligned.sortedByCoord.out.bam
/home/kgoldmann/Documents/PEAC_eqtl/Outputs/STAR/Paired/SAM9103845/Aligned.sortedByCoord.out.bam
/home/kgoldmann/Documents/PEAC_eqtl/Outputs/STAR/Paired/SAM9103847/Aligned.sortedByCoord.out.bam
/home/kgoldmann/Documents/PEAC_eqtl/Outputs/STAR/Paired/SAM9103849/Aligned.sortedByCoord.out.bam
/home/kgoldmann/Documents/PEAC_eqtl/Outputs/STAR/Paired/SAM9103850/Aligned.sortedByCoord.out.bam
/home/kgoldmann/Documents/PEAC_eqtl/Outputs/STAR/Paired/SAM9103851/Aligned.sortedByCoord.out.bam
/home/kgoldmann/Documents/PEAC_eqtl/Outputs/STAR/Paired/SAM9103852/Aligned.sortedByCoord.out.bam
/home/kgoldmann/Documents/PEAC_eqtl/Outputs/STAR/Paired/SAM9103853/Aligned.sortedByCoord.out.bam
/home/kgoldmann/Documents/PEAC_eqtl/Outputs/STAR/Paired/SAM24298024/Aligned.sortedByCoord.out.bam
/home/kgoldmann/Documents/PEAC_eqtl/Outputs/STAR/Paired/SAM24298026/Aligned.sortedByCoord.out.bam
/home/kgoldmann/Documents/PEAC_eqtl/Outputs/STAR/Paired/SAM24298029/Aligned.sortedByCoord.out.bam
/home/kgoldmann/Documents/PEAC_eqtl/Outputs/STAR/Paired/SAM24298030/Aligned.sortedByCoord.out.bam
/home/kgoldmann/Documents/PEAC_eqtl/Outputs/STAR/Paired/SAM24298032/Aligned.sortedByCoord.out.bam
/home/kgoldmann/Documents/PEAC_eqtl/Outputs/STAR/Paired/SAM24298033/Aligned.sortedByCoord.out.bam
/home/kgoldmann/Documents/PEAC_eqtl/Outputs/STAR/Paired/SAM24298035/Aligned.sortedByCoord.out.bam
/home/kgoldmann/Documents/PEAC_eqtl/Outputs/STAR/Paired/SAM24298036/Aligned.sortedByCoord.out.bam
/home/kgoldmann/Documents/PEAC_eqtl/Outputs/STAR/Paired/SAM24298037/Aligned.sortedByCoord.out.bam
/home/kgoldmann/Documents/PEAC_eqtl/Outputs/STAR/Paired/SAM24298043/Aligned.sortedByCoord.out.bam
/home/kgoldmann/Documents/PEAC_eqtl/Outputs/STAR/Paired/SAM24298045/Aligned.sortedByCoord.out.bam
/home/kgoldmann/Documents/PEAC_eqtl/Outputs/STAR/Paired/SAM24298048/Aligned.sortedByCoord.out.bam
/home/kgoldmann/Documents/PEAC_eqtl/Outputs/STAR/Paired/SAM24298049/Aligned.sortedByCoord.out.bam
/home/kgoldmann/Documents/PEAC_eqtl/Outputs/STAR/Paired/SAM24298052/Aligned.sortedByCoord.out.bam
/home/kgoldmann/Documents/PEAC_eqtl/Outputs/STAR/Paired/SAM24298056/Aligned.sortedByCoord.out.bam
/home/kgoldmann/Documents/PEAC_eqtl/Outputs/STAR/Paired/SAM24298057/Aligned.sortedByCoord.out.bam
/home/kgoldmann/Documents/PEAC_eqtl/Outputs/STAR/Paired/SAM24298089/Aligned.sortedByCoord.out.bam
/home/kgoldmann/Documents/PEAC_eqtl/Outputs/STAR/Paired/SAM24297961/Aligned.sortedByCoord.out.bam
/home/kgoldmann/Documents/PEAC_eqtl/Outputs/STAR/Paired/SAM24298095/Aligned.sortedByCoord.out.bam
/home/kgoldmann/Documents/PEAC_eqtl/Outputs/STAR/Paired/SAM24297965/Aligned.sortedByCoord.out.bam
/home/kgoldmann/Documents/PEAC_eqtl/Outputs/STAR/Paired/SAM24298120/Aligned.sortedByCoord.out.bam
/home/kgoldmann/Documents/PEAC_eqtl/Outputs/STAR/Paired/SAM24297966/Aligned.sortedByCoord.out.bam
/home/kgoldmann/Documents/PEAC_eqtl/Outputs/STAR/Paired/SAM24297969/Aligned.sortedByCoord.out.bam
/home/kgoldmann/Documents/PEAC_eqtl/Outputs/STAR/Paired/SAM24297973/Aligned.sortedByCoord.out.bam
/home/kgoldmann/Documents/PEAC_eqtl/Outputs/STAR/Paired/SAM24297977/Aligned.sortedByCoord.out.bam
/home/kgoldmann/Documents/PEAC_eqtl/Outputs/STAR/Paired/SAM24297982/Aligned.sortedByCoord.out.bam
/home/kgoldmann/Documents/PEAC_eqtl/Outputs/STAR/Paired/SAM24297979/Aligned.sortedByCoord.out.bam
/home/kgoldmann/Documents/PEAC_eqtl/Outputs/STAR/Paired/SAM24297978/Aligned.sortedByCoord.out.bam
/home/kgoldmann/Documents/PEAC_eqtl/Outputs/STAR/Paired/SAM24297976/Aligned.sortedByCoord.out.bam
/home/kgoldmann/Documents/PEAC_eqtl/Outputs/STAR/Paired/SAM24297975/Aligned.sortedByCoord.out.bam
/home/kgoldmann/Documents/PEAC_eqtl/Outputs/STAR/Paired/SAM24297985/Aligned.sortedByCoord.out.bam
/home/kgoldmann/Documents/PEAC_eqtl/Outputs/STAR/Paired/SAM24297980/Aligned.sortedByCoord.out.bam
/home/kgoldmann/Documents/PEAC_eqtl/Outputs/STAR/Paired/SAM24297981/Aligned.sortedByCoord.out.bam
/home/kgoldmann/Documents/PEAC_eqtl/Outputs/STAR/Paired/SAM24297983/Aligned.sortedByCoord.out.bam
/home/kgoldmann/Documents/PEAC_eqtl/Outputs/STAR/Paired/SAM24297984/Aligned.sortedByCoord.out.bam
/home/kgoldmann/Documents/PEAC_eqtl/Outputs/STAR/Paired/SAM24297986/Aligned.sortedByCoord.out.bam
/home/kgoldmann/Documents/PEAC_eqtl/Outputs/b37_ebg.rds
/home/kgoldmann/Documents/PEAC_eqtl/Outputs/gene_coord.txt
